// !$*UTF8*$!
{
	archiveVersion = 1;
	classes = {
	};
	objectVersion = 46;
	objects = {

/* Begin PBXBuildFile section */
		6F1B14201B1DFD9A00864755 /* AppDelegate.swift in Sources */ = {isa = PBXBuildFile; fileRef = 6F1B141F1B1DFD9A00864755 /* AppDelegate.swift */; };
		6F1B14231B1DFD9A00864755 /* sandaibanashi.xcdatamodeld in Sources */ = {isa = PBXBuildFile; fileRef = 6F1B14211B1DFD9A00864755 /* sandaibanashi.xcdatamodeld */; };
		6F1B14251B1DFD9A00864755 /* ViewController.swift in Sources */ = {isa = PBXBuildFile; fileRef = 6F1B14241B1DFD9A00864755 /* ViewController.swift */; };
		6F1B14281B1DFD9A00864755 /* Main.storyboard in Resources */ = {isa = PBXBuildFile; fileRef = 6F1B14261B1DFD9A00864755 /* Main.storyboard */; };
		6F1B142A1B1DFD9A00864755 /* Images.xcassets in Resources */ = {isa = PBXBuildFile; fileRef = 6F1B14291B1DFD9A00864755 /* Images.xcassets */; };
		6F1B142D1B1DFD9A00864755 /* LaunchScreen.xib in Resources */ = {isa = PBXBuildFile; fileRef = 6F1B142B1B1DFD9A00864755 /* LaunchScreen.xib */; };
		6F1B14391B1DFD9A00864755 /* sandaibanashiTests.swift in Sources */ = {isa = PBXBuildFile; fileRef = 6F1B14381B1DFD9A00864755 /* sandaibanashiTests.swift */; };
/* End PBXBuildFile section */

/* Begin PBXContainerItemProxy section */
		6F1B14331B1DFD9A00864755 /* PBXContainerItemProxy */ = {
			isa = PBXContainerItemProxy;
			containerPortal = 6F1B14121B1DFD9A00864755 /* Project object */;
			proxyType = 1;
			remoteGlobalIDString = 6F1B14191B1DFD9A00864755;
			remoteInfo = sandaibanashi;
		};
/* End PBXContainerItemProxy section */

/* Begin PBXFileReference section */
		6F1B141A1B1DFD9A00864755 /* sandaibanashi.app */ = {isa = PBXFileReference; explicitFileType = wrapper.application; includeInIndex = 0; path = sandaibanashi.app; sourceTree = BUILT_PRODUCTS_DIR; };
		6F1B141E1B1DFD9A00864755 /* Info.plist */ = {isa = PBXFileReference; lastKnownFileType = text.plist.xml; path = Info.plist; sourceTree = "<group>"; };
		6F1B141F1B1DFD9A00864755 /* AppDelegate.swift */ = {isa = PBXFileReference; lastKnownFileType = sourcecode.swift; path = AppDelegate.swift; sourceTree = "<group>"; };
		6F1B14221B1DFD9A00864755 /* sandaibanashi.xcdatamodel */ = {isa = PBXFileReference; lastKnownFileType = wrapper.xcdatamodel; path = sandaibanashi.xcdatamodel; sourceTree = "<group>"; };
		6F1B14241B1DFD9A00864755 /* ViewController.swift */ = {isa = PBXFileReference; lastKnownFileType = sourcecode.swift; path = ViewController.swift; sourceTree = "<group>"; };
		6F1B14271B1DFD9A00864755 /* Base */ = {isa = PBXFileReference; lastKnownFileType = file.storyboard; name = Base; path = Base.lproj/Main.storyboard; sourceTree = "<group>"; };
		6F1B14291B1DFD9A00864755 /* Images.xcassets */ = {isa = PBXFileReference; lastKnownFileType = folder.assetcatalog; path = Images.xcassets; sourceTree = "<group>"; };
		6F1B142C1B1DFD9A00864755 /* Base */ = {isa = PBXFileReference; lastKnownFileType = file.xib; name = Base; path = Base.lproj/LaunchScreen.xib; sourceTree = "<group>"; };
		6F1B14321B1DFD9A00864755 /* sandaibanashiTests.xctest */ = {isa = PBXFileReference; explicitFileType = wrapper.cfbundle; includeInIndex = 0; path = sandaibanashiTests.xctest; sourceTree = BUILT_PRODUCTS_DIR; };
		6F1B14371B1DFD9A00864755 /* Info.plist */ = {isa = PBXFileReference; lastKnownFileType = text.plist.xml; path = Info.plist; sourceTree = "<group>"; };
		6F1B14381B1DFD9A00864755 /* sandaibanashiTests.swift */ = {isa = PBXFileReference; lastKnownFileType = sourcecode.swift; path = sandaibanashiTests.swift; sourceTree = "<group>"; };
/* End PBXFileReference section */

/* Begin PBXFrameworksBuildPhase section */
		6F1B14171B1DFD9A00864755 /* Frameworks */ = {
			isa = PBXFrameworksBuildPhase;
			buildActionMask = 2147483647;
			files = (
			);
			runOnlyForDeploymentPostprocessing = 0;
		};
		6F1B142F1B1DFD9A00864755 /* Frameworks */ = {
			isa = PBXFrameworksBuildPhase;
			buildActionMask = 2147483647;
			files = (
			);
			runOnlyForDeploymentPostprocessing = 0;
		};
/* End PBXFrameworksBuildPhase section */

/* Begin PBXGroup section */
		6F1B14111B1DFD9A00864755 = {
			isa = PBXGroup;
			children = (
				6F1B141C1B1DFD9A00864755 /* sandaibanashi */,
				6F1B14351B1DFD9A00864755 /* sandaibanashiTests */,
				6F1B141B1B1DFD9A00864755 /* Products */,
			);
			sourceTree = "<group>";
		};
		6F1B141B1B1DFD9A00864755 /* Products */ = {
			isa = PBXGroup;
			children = (
				6F1B141A1B1DFD9A00864755 /* sandaibanashi.app */,
				6F1B14321B1DFD9A00864755 /* sandaibanashiTests.xctest */,
			);
			name = Products;
			sourceTree = "<group>";
		};
		6F1B141C1B1DFD9A00864755 /* sandaibanashi */ = {
			isa = PBXGroup;
			children = (
				6F1B141F1B1DFD9A00864755 /* AppDelegate.swift */,
				6F1B14241B1DFD9A00864755 /* ViewController.swift */,
				6F1B14261B1DFD9A00864755 /* Main.storyboard */,
				6F1B14291B1DFD9A00864755 /* Images.xcassets */,
				6F1B142B1B1DFD9A00864755 /* LaunchScreen.xib */,
				6F1B14211B1DFD9A00864755 /* sandaibanashi.xcdatamodeld */,
				6F1B141D1B1DFD9A00864755 /* Supporting Files */,
			);
			path = sandaibanashi;
			sourceTree = "<group>";
		};
		6F1B141D1B1DFD9A00864755 /* Supporting Files */ = {
			isa = PBXGroup;
			children = (
				6F1B141E1B1DFD9A00864755 /* Info.plist */,
			);
			name = "Supporting Files";
			sourceTree = "<group>";
		};
		6F1B14351B1DFD9A00864755 /* sandaibanashiTests */ = {
			isa = PBXGroup;
			children = (
				6F1B14381B1DFD9A00864755 /* sandaibanashiTests.swift */,
				6F1B14361B1DFD9A00864755 /* Supporting Files */,
			);
			path = sandaibanashiTests;
			sourceTree = "<group>";
		};
		6F1B14361B1DFD9A00864755 /* Supporting Files */ = {
			isa = PBXGroup;
			children = (
				6F1B14371B1DFD9A00864755 /* Info.plist */,
			);
			name = "Supporting Files";
			sourceTree = "<group>";
		};
/* End PBXGroup section */

/* Begin PBXNativeTarget section */
		6F1B14191B1DFD9A00864755 /* sandaibanashi */ = {
			isa = PBXNativeTarget;
			buildConfigurationList = 6F1B143C1B1DFD9A00864755 /* Build configuration list for PBXNativeTarget "sandaibanashi" */;
			buildPhases = (
				6F1B14161B1DFD9A00864755 /* Sources */,
				6F1B14171B1DFD9A00864755 /* Frameworks */,
				6F1B14181B1DFD9A00864755 /* Resources */,
			);
			buildRules = (
			);
			dependencies = (
			);
			name = sandaibanashi;
			productName = sandaibanashi;
			productReference = 6F1B141A1B1DFD9A00864755 /* sandaibanashi.app */;
			productType = "com.apple.product-type.application";
		};
		6F1B14311B1DFD9A00864755 /* sandaibanashiTests */ = {
			isa = PBXNativeTarget;
			buildConfigurationList = 6F1B143F1B1DFD9A00864755 /* Build configuration list for PBXNativeTarget "sandaibanashiTests" */;
			buildPhases = (
				6F1B142E1B1DFD9A00864755 /* Sources */,
				6F1B142F1B1DFD9A00864755 /* Frameworks */,
				6F1B14301B1DFD9A00864755 /* Resources */,
			);
			buildRules = (
			);
			dependencies = (
				6F1B14341B1DFD9A00864755 /* PBXTargetDependency */,
			);
			name = sandaibanashiTests;
			productName = sandaibanashiTests;
			productReference = 6F1B14321B1DFD9A00864755 /* sandaibanashiTests.xctest */;
			productType = "com.apple.product-type.bundle.unit-test";
		};
/* End PBXNativeTarget section */

/* Begin PBXProject section */
		6F1B14121B1DFD9A00864755 /* Project object */ = {
			isa = PBXProject;
			attributes = {
				LastUpgradeCheck = 0630;
				ORGANIZATIONNAME = "ryota-ko";
				TargetAttributes = {
					6F1B14191B1DFD9A00864755 = {
						CreatedOnToolsVersion = 6.3.1;
					};
					6F1B14311B1DFD9A00864755 = {
						CreatedOnToolsVersion = 6.3.1;
						TestTargetID = 6F1B14191B1DFD9A00864755;
					};
				};
			};
			buildConfigurationList = 6F1B14151B1DFD9A00864755 /* Build configuration list for PBXProject "sandaibanashi" */;
			compatibilityVersion = "Xcode 3.2";
			developmentRegion = English;
			hasScannedForEncodings = 0;
			knownRegions = (
				en,
				Base,
			);
			mainGroup = 6F1B14111B1DFD9A00864755;
			productRefGroup = 6F1B141B1B1DFD9A00864755 /* Products */;
			projectDirPath = "";
			projectRoot = "";
			targets = (
				6F1B14191B1DFD9A00864755 /* sandaibanashi */,
				6F1B14311B1DFD9A00864755 /* sandaibanashiTests */,
			);
		};
/* End PBXProject section */

/* Begin PBXResourcesBuildPhase section */
		6F1B14181B1DFD9A00864755 /* Resources */ = {
			isa = PBXResourcesBuildPhase;
			buildActionMask = 2147483647;
			files = (
				6F1B14281B1DFD9A00864755 /* Main.storyboard in Resources */,
				6F1B142D1B1DFD9A00864755 /* LaunchScreen.xib in Resources */,
				6F1B142A1B1DFD9A00864755 /* Images.xcassets in Resources */,
			);
			runOnlyForDeploymentPostprocessing = 0;
		};
		6F1B14301B1DFD9A00864755 /* Resources */ = {
			isa = PBXResourcesBuildPhase;
			buildActionMask = 2147483647;
			files = (
			);
			runOnlyForDeploymentPostprocessing = 0;
		};
/* End PBXResourcesBuildPhase section */

/* Begin PBXSourcesBuildPhase section */
		6F1B14161B1DFD9A00864755 /* Sources */ = {
			isa = PBXSourcesBuildPhase;
			buildActionMask = 2147483647;
			files = (
				6F1B14251B1DFD9A00864755 /* ViewController.swift in Sources */,
				6F1B14231B1DFD9A00864755 /* sandaibanashi.xcdatamodeld in Sources */,
				6F1B14201B1DFD9A00864755 /* AppDelegate.swift in Sources */,
			);
			runOnlyForDeploymentPostprocessing = 0;
		};
		6F1B142E1B1DFD9A00864755 /* Sources */ = {
			isa = PBXSourcesBuildPhase;
			buildActionMask = 2147483647;
			files = (
				6F1B14391B1DFD9A00864755 /* sandaibanashiTests.swift in Sources */,
			);
			runOnlyForDeploymentPostprocessing = 0;
		};
/* End PBXSourcesBuildPhase section */

/* Begin PBXTargetDependency section */
		6F1B14341B1DFD9A00864755 /* PBXTargetDependency */ = {
			isa = PBXTargetDependency;
			target = 6F1B14191B1DFD9A00864755 /* sandaibanashi */;
			targetProxy = 6F1B14331B1DFD9A00864755 /* PBXContainerItemProxy */;
		};
/* End PBXTargetDependency section */

/* Begin PBXVariantGroup section */
		6F1B14261B1DFD9A00864755 /* Main.storyboard */ = {
			isa = PBXVariantGroup;
			children = (
				6F1B14271B1DFD9A00864755 /* Base */,
			);
			name = Main.storyboard;
			sourceTree = "<group>";
		};
		6F1B142B1B1DFD9A00864755 /* LaunchScreen.xib */ = {
			isa = PBXVariantGroup;
			children = (
				6F1B142C1B1DFD9A00864755 /* Base */,
			);
			name = LaunchScreen.xib;
			sourceTree = "<group>";
		};
/* End PBXVariantGroup section */

/* Begin XCBuildConfiguration section */
		6F1B143A1B1DFD9A00864755 /* Debug */ = {
			isa = XCBuildConfiguration;
			buildSettings = {
				ALWAYS_SEARCH_USER_PATHS = NO;
				CLANG_CXX_LANGUAGE_STANDARD = "gnu++0x";
				CLANG_CXX_LIBRARY = "libc++";
				CLANG_ENABLE_MODULES = YES;
				CLANG_ENABLE_OBJC_ARC = YES;
				CLANG_WARN_BOOL_CONVERSION = YES;
				CLANG_WARN_CONSTANT_CONVERSION = YES;
				CLANG_WARN_DIRECT_OBJC_ISA_USAGE = YES_ERROR;
				CLANG_WARN_EMPTY_BODY = YES;
				CLANG_WARN_ENUM_CONVERSION = YES;
				CLANG_WARN_INT_CONVERSION = YES;
				CLANG_WARN_OBJC_ROOT_CLASS = YES_ERROR;
				CLANG_WARN_UNREACHABLE_CODE = YES;
				CLANG_WARN__DUPLICATE_METHOD_MATCH = YES;
				"CODE_SIGN_IDENTITY[sdk=iphoneos*]" = "iPhone Developer";
				COPY_PHASE_STRIP = NO;
				DEBUG_INFORMATION_FORMAT = "dwarf-with-dsym";
				ENABLE_STRICT_OBJC_MSGSEND = YES;
				GCC_C_LANGUAGE_STANDARD = gnu99;
				GCC_DYNAMIC_NO_PIC = NO;
				GCC_NO_COMMON_BLOCKS = YES;
				GCC_OPTIMIZATION_LEVEL = 0;
				GCC_PREPROCESSOR_DEFINITIONS = (
					"DEBUG=1",
					"$(inherited)",
				);
				GCC_SYMBOLS_PRIVATE_EXTERN = NO;
				GCC_WARN_64_TO_32_BIT_CONVERSION = YES;
				GCC_WARN_ABOUT_RETURN_TYPE = YES_ERROR;
				GCC_WARN_UNDECLARED_SELECTOR = YES;
				GCC_WARN_UNINITIALIZED_AUTOS = YES_AGGRESSIVE;
				GCC_WARN_UNUSED_FUNCTION = YES;
				GCC_WARN_UNUSED_VARIABLE = YES;
				IPHONEOS_DEPLOYMENT_TARGET = 8.3;
				MTL_ENABLE_DEBUG_INFO = YES;
				ONLY_ACTIVE_ARCH = YES;
				SDKROOT = iphoneos;
				SWIFT_OPTIMIZATION_LEVEL = "-Onone";
				TARGETED_DEVICE_FAMILY = "1,2";
			};
			name = Debug;
		};
		6F1B143B1B1DFD9A00864755 /* Release */ = {
			isa = XCBuildConfiguration;
			buildSettings = {
				ALWAYS_SEARCH_USER_PATHS = NO;
				CLANG_CXX_LANGUAGE_STANDARD = "gnu++0x";
				CLANG_CXX_LIBRARY = "libc++";
				CLANG_ENABLE_MODULES = YES;
				CLANG_ENABLE_OBJC_ARC = YES;
				CLANG_WARN_BOOL_CONVERSION = YES;
				CLANG_WARN_CONSTANT_CONVERSION = YES;
				CLANG_WARN_DIRECT_OBJC_ISA_USAGE = YES_ERROR;
				CLANG_WARN_EMPTY_BODY = YES;
				CLANG_WARN_ENUM_CONVERSION = YES;
				CLANG_WARN_INT_CONVERSION = YES;
				CLANG_WARN_OBJC_ROOT_CLASS = YES_ERROR;
				CLANG_WARN_UNREACHABLE_CODE = YES;
				CLANG_WARN__DUPLICATE_METHOD_MATCH = YES;
				"CODE_SIGN_IDENTITY[sdk=iphoneos*]" = "iPhone Developer";
				COPY_PHASE_STRIP = NO;
				DEBUG_INFORMATION_FORMAT = "dwarf-with-dsym";
				ENABLE_NS_ASSERTIONS = NO;
				ENABLE_STRICT_OBJC_MSGSEND = YES;
				GCC_C_LANGUAGE_STANDARD = gnu99;
				GCC_NO_COMMON_BLOCKS = YES;
				GCC_WARN_64_TO_32_BIT_CONVERSION = YES;
				GCC_WARN_ABOUT_RETURN_TYPE = YES_ERROR;
				GCC_WARN_UNDECLARED_SELECTOR = YES;
				GCC_WARN_UNINITIALIZED_AUTOS = YES_AGGRESSIVE;
				GCC_WARN_UNUSED_FUNCTION = YES;
				GCC_WARN_UNUSED_VARIABLE = YES;
				IPHONEOS_DEPLOYMENT_TARGET = 8.3;
				MTL_ENABLE_DEBUG_INFO = NO;
				SDKROOT = iphoneos;
				TARGETED_DEVICE_FAMILY = "1,2";
				VALIDATE_PRODUCT = YES;
			};
			name = Release;
		};
		6F1B143D1B1DFD9A00864755 /* Debug */ = {
			isa = XCBuildConfiguration;
			buildSettings = {
				ASSETCATALOG_COMPILER_APPICON_NAME = AppIcon;
				INFOPLIST_FILE = sandaibanashi/Info.plist;
				LD_RUNPATH_SEARCH_PATHS = "$(inherited) @executable_path/Frameworks";
				PRODUCT_NAME = "$(TARGET_NAME)";
			};
			name = Debug;
		};
		6F1B143E1B1DFD9A00864755 /* Release */ = {
			isa = XCBuildConfiguration;
			buildSettings = {
				ASSETCATALOG_COMPILER_APPICON_NAME = AppIcon;
				INFOPLIST_FILE = sandaibanashi/Info.plist;
				LD_RUNPATH_SEARCH_PATHS = "$(inherited) @executable_path/Frameworks";
				PRODUCT_NAME = "$(TARGET_NAME)";
			};
			name = Release;
		};
		6F1B14401B1DFD9A00864755 /* Debug */ = {
			isa = XCBuildConfiguration;
			buildSettings = {
				BUNDLE_LOADER = "$(TEST_HOST)";
				FRAMEWORK_SEARCH_PATHS = (
					"$(SDKROOT)/Developer/Library/Frameworks",
					"$(inherited)",
				);
				GCC_PREPROCESSOR_DEFINITIONS = (
					"DEBUG=1",
					"$(inherited)",
				);
				INFOPLIST_FILE = sandaibanashiTests/Info.plist;
				LD_RUNPATH_SEARCH_PATHS = "$(inherited) @executable_path/Frameworks @loader_path/Frameworks";
				PRODUCT_NAME = "$(TARGET_NAME)";
				TEST_HOST = "$(BUILT_PRODUCTS_DIR)/sandaibanashi.app/sandaibanashi";
			};
			name = Debug;
		};
		6F1B14411B1DFD9A00864755 /* Release */ = {
			isa = XCBuildConfiguration;
			buildSettings = {
				BUNDLE_LOADER = "$(TEST_HOST)";
				FRAMEWORK_SEARCH_PATHS = (
					"$(SDKROOT)/Developer/Library/Frameworks",
					"$(inherited)",
				);
				INFOPLIST_FILE = sandaibanashiTests/Info.plist;
				LD_RUNPATH_SEARCH_PATHS = "$(inherited) @executable_path/Frameworks @loader_path/Frameworks";
				PRODUCT_NAME = "$(TARGET_NAME)";
				TEST_HOST = "$(BUILT_PRODUCTS_DIR)/sandaibanashi.app/sandaibanashi";
			};
			name = Release;
		};
/* End XCBuildConfiguration section */

/* Begin XCConfigurationList section */
		6F1B14151B1DFD9A00864755 /* Build configuration list for PBXProject "sandaibanashi" */ = {
			isa = XCConfigurationList;
			buildConfigurations = (
				6F1B143A1B1DFD9A00864755 /* Debug */,
				6F1B143B1B1DFD9A00864755 /* Release */,
			);
			defaultConfigurationIsVisible = 0;
			defaultConfigurationName = Release;
		};
		6F1B143C1B1DFD9A00864755 /* Build configuration list for PBXNativeTarget "sandaibanashi" */ = {
			isa = XCConfigurationList;
			buildConfigurations = (
				6F1B143D1B1DFD9A00864755 /* Debug */,
				6F1B143E1B1DFD9A00864755 /* Release */,
			);
			defaultConfigurationIsVisible = 0;
			defaultConfigurationName = Release;
		};
		6F1B143F1B1DFD9A00864755 /* Build configuration list for PBXNativeTarget "sandaibanashiTests" */ = {
			isa = XCConfigurationList;
			buildConfigurations = (
				6F1B14401B1DFD9A00864755 /* Debug */,
				6F1B14411B1DFD9A00864755 /* Release */,
			);
			defaultConfigurationIsVisible = 0;
			defaultConfigurationName = Release;
		};
/* End XCConfigurationList section */

/* Begin XCVersionGroup section */
		6F1B14211B1DFD9A00864755 /* sandaibanashi.xcdatamodeld */ = {
			isa = XCVersionGroup;
			children = (
				6F1B14221B1DFD9A00864755 /* sandaibanashi.xcdatamodel */,
			);
			currentVersion = 6F1B14221B1DFD9A00864755 /* sandaibanashi.xcdatamodel */;
			path = sandaibanashi.xcdatamodeld;
			sourceTree = "<group>";
			versionGroupType = wrapper.xcdatamodel;
		};
/* End XCVersionGroup section */
	};
	rootObject = 6F1B14121B1DFD9A00864755 /* Project object */;
}
